// !$*UTF8*$!
{
	archiveVersion = 1;
	classes = {
	};
	objectVersion = 77;
	objects = {

/* Begin PBXContainerItemProxy section */
		90C5F67A2D46C22D00036618 /* PBXContainerItemProxy */ = {
			isa = PBXContainerItemProxy;
			containerPortal = 90C5F65F2D46C22C00036618 /* Project object */;
			proxyType = 1;
			remoteGlobalIDString = 90C5F6662D46C22C00036618;
			remoteInfo = IOSApp1;
		};
		90C5F6842D46C22D00036618 /* PBXContainerItemProxy */ = {
			isa = PBXContainerItemProxy;
			containerPortal = 90C5F65F2D46C22C00036618 /* Project object */;
			proxyType = 1;
			remoteGlobalIDString = 90C5F6662D46C22C00036618;
			remoteInfo = IOSApp1;
		};
/* End PBXContainerItemProxy section */

/* Begin PBXFileReference section */
		90C5F6672D46C22C00036618 /* IOSApp1.app */ = {isa = PBXFileReference; explicitFileType = wrapper.application; includeInIndex = 0; path = IOSApp1.app; sourceTree = BUILT_PRODUCTS_DIR; };
		90C5F6792D46C22D00036618 /* IOSApp1Tests.xctest */ = {isa = PBXFileReference; explicitFileType = wrapper.cfbundle; includeInIndex = 0; path = IOSApp1Tests.xctest; sourceTree = BUILT_PRODUCTS_DIR; };
		90C5F6832D46C22D00036618 /* IOSApp1UITests.xctest */ = {isa = PBXFileReference; explicitFileType = wrapper.cfbundle; includeInIndex = 0; path = IOSApp1UITests.xctest; sourceTree = BUILT_PRODUCTS_DIR; };
/* End PBXFileReference section */

/* Begin PBXFileSystemSynchronizedBuildFileExceptionSet section */
		69AD5C6B2D4815B300E87862 /* Exceptions for "IOSApp1" folder in "IOSApp1" target */ = {
			isa = PBXFileSystemSynchronizedBuildFileExceptionSet;
			membershipExceptions = (
				Views/OrderCreationView.swift,
				Views/UserProfileView.swift,
			);
			target = 90C5F6662D46C22C00036618 /* IOSApp1 */;
		};
/* End PBXFileSystemSynchronizedBuildFileExceptionSet section */

/* Begin PBXFileSystemSynchronizedGroupBuildPhaseMembershipExceptionSet section */
		69AD5C6C2D4815B300E87862 /* Exceptions for "IOSApp1" folder in "Copy Bundle Resources" phase from "IOSApp1" target */ = {
			isa = PBXFileSystemSynchronizedGroupBuildPhaseMembershipExceptionSet;
			buildPhase = 90C5F6652D46C22C00036618 /* Resources */;
			membershipExceptions = (
				Views/OrderCreationView.swift,
				Views/UserProfileView.swift,
			);
		};
/* End PBXFileSystemSynchronizedGroupBuildPhaseMembershipExceptionSet section */

/* Begin PBXFileSystemSynchronizedRootGroup section */
		90C5F6692D46C22C00036618 /* IOSApp1 */ = {
			isa = PBXFileSystemSynchronizedRootGroup;
			exceptions = (
				69AD5C6B2D4815B300E87862 /* Exceptions for "IOSApp1" folder in "IOSApp1" target */,
				69AD5C6C2D4815B300E87862 /* Exceptions for "IOSApp1" folder in "Copy Bundle Resources" phase from "IOSApp1" target */,
			);
			path = IOSApp1;
			sourceTree = "<group>";
		};
		90C5F67C2D46C22D00036618 /* IOSApp1Tests */ = {
			isa = PBXFileSystemSynchronizedRootGroup;
			path = IOSApp1Tests;
			sourceTree = "<group>";
		};
		90C5F6862D46C22D00036618 /* IOSApp1UITests */ = {
			isa = PBXFileSystemSynchronizedRootGroup;
			path = IOSApp1UITests;
			sourceTree = "<group>";
		};
/* End PBXFileSystemSynchronizedRootGroup section */

/* Begin PBXFrameworksBuildPhase section */
		90C5F6642D46C22C00036618 /* Frameworks */ = {
			isa = PBXFrameworksBuildPhase;
			buildActionMask = 2147483647;
			files = (
			);
			runOnlyForDeploymentPostprocessing = 0;
		};
		90C5F6762D46C22D00036618 /* Frameworks */ = {
			isa = PBXFrameworksBuildPhase;
			buildActionMask = 2147483647;
			files = (
			);
			runOnlyForDeploymentPostprocessing = 0;
		};
		90C5F6802D46C22D00036618 /* Frameworks */ = {
			isa = PBXFrameworksBuildPhase;
			buildActionMask = 2147483647;
			files = (
			);
			runOnlyForDeploymentPostprocessing = 0;
		};
/* End PBXFrameworksBuildPhase section */

/* Begin PBXGroup section */
		90C5F65E2D46C22C00036618 = {
			isa = PBXGroup;
			children = (
				90C5F6692D46C22C00036618 /* IOSApp1 */,
				90C5F67C2D46C22D00036618 /* IOSApp1Tests */,
				90C5F6862D46C22D00036618 /* IOSApp1UITests */,
				90C5F6682D46C22C00036618 /* Products */,
			);
			sourceTree = "<group>";
		};
		90C5F6682D46C22C00036618 /* Products */ = {
			isa = PBXGroup;
			children = (
				90C5F6672D46C22C00036618 /* IOSApp1.app */,
				90C5F6792D46C22D00036618 /* IOSApp1Tests.xctest */,
				90C5F6832D46C22D00036618 /* IOSApp1UITests.xctest */,
			);
			name = Products;
			sourceTree = "<group>";
		};
/* End PBXGroup section */

/* Begin PBXNativeTarget section */
		90C5F6662D46C22C00036618 /* IOSApp1 */ = {
			isa = PBXNativeTarget;
			buildConfigurationList = 90C5F68D2D46C22D00036618 /* Build configuration list for PBXNativeTarget "IOSApp1" */;
			buildPhases = (
				90C5F6632D46C22C00036618 /* Sources */,
				90C5F6642D46C22C00036618 /* Frameworks */,
				90C5F6652D46C22C00036618 /* Resources */,
			);
			buildRules = (
			);
			dependencies = (
			);
			fileSystemSynchronizedGroups = (
				90C5F6692D46C22C00036618 /* IOSApp1 */,
			);
			name = IOSApp1;
			packageProductDependencies = (
			);
			productName = IOSApp1;
			productReference = 90C5F6672D46C22C00036618 /* IOSApp1.app */;
			productType = "com.apple.product-type.application";
		};
		90C5F6782D46C22D00036618 /* IOSApp1Tests */ = {
			isa = PBXNativeTarget;
			buildConfigurationList = 90C5F6902D46C22D00036618 /* Build configuration list for PBXNativeTarget "IOSApp1Tests" */;
			buildPhases = (
				90C5F6752D46C22D00036618 /* Sources */,
				90C5F6762D46C22D00036618 /* Frameworks */,
				90C5F6772D46C22D00036618 /* Resources */,
			);
			buildRules = (
			);
			dependencies = (
				90C5F67B2D46C22D00036618 /* PBXTargetDependency */,
			);
			fileSystemSynchronizedGroups = (
				90C5F67C2D46C22D00036618 /* IOSApp1Tests */,
			);
			name = IOSApp1Tests;
			packageProductDependencies = (
			);
			productName = IOSApp1Tests;
			productReference = 90C5F6792D46C22D00036618 /* IOSApp1Tests.xctest */;
			productType = "com.apple.product-type.bundle.unit-test";
		};
		90C5F6822D46C22D00036618 /* IOSApp1UITests */ = {
			isa = PBXNativeTarget;
			buildConfigurationList = 90C5F6932D46C22D00036618 /* Build configuration list for PBXNativeTarget "IOSApp1UITests" */;
			buildPhases = (
				90C5F67F2D46C22D00036618 /* Sources */,
				90C5F6802D46C22D00036618 /* Frameworks */,
				90C5F6812D46C22D00036618 /* Resources */,
			);
			buildRules = (
			);
			dependencies = (
				90C5F6852D46C22D00036618 /* PBXTargetDependency */,
			);
			fileSystemSynchronizedGroups = (
				90C5F6862D46C22D00036618 /* IOSApp1UITests */,
			);
			name = IOSApp1UITests;
			packageProductDependencies = (
			);
			productName = IOSApp1UITests;
			productReference = 90C5F6832D46C22D00036618 /* IOSApp1UITests.xctest */;
			productType = "com.apple.product-type.bundle.ui-testing";
		};
/* End PBXNativeTarget section */

/* Begin PBXProject section */
		90C5F65F2D46C22C00036618 /* Project object */ = {
			isa = PBXProject;
			attributes = {
				BuildIndependentTargetsInParallel = 1;
				LastSwiftUpdateCheck = 1620;
				LastUpgradeCheck = 1620;
				TargetAttributes = {
					90C5F6662D46C22C00036618 = {
						CreatedOnToolsVersion = 16.2;
					};
					90C5F6782D46C22D00036618 = {
						CreatedOnToolsVersion = 16.2;
						TestTargetID = 90C5F6662D46C22C00036618;
					};
					90C5F6822D46C22D00036618 = {
						CreatedOnToolsVersion = 16.2;
						TestTargetID = 90C5F6662D46C22C00036618;
					};
				};
			};
			buildConfigurationList = 90C5F6622D46C22C00036618 /* Build configuration list for PBXProject "IOSApp1" */;
			developmentRegion = en;
			hasScannedForEncodings = 0;
			knownRegions = (
				en,
				Base,
			);
			mainGroup = 90C5F65E2D46C22C00036618;
			minimizedProjectReferenceProxies = 1;
			preferredProjectObjectVersion = 77;
			productRefGroup = 90C5F6682D46C22C00036618 /* Products */;
			projectDirPath = "";
			projectRoot = "";
			targets = (
				90C5F6662D46C22C00036618 /* IOSApp1 */,
				90C5F6782D46C22D00036618 /* IOSApp1Tests */,
				90C5F6822D46C22D00036618 /* IOSApp1UITests */,
			);
		};
/* End PBXProject section */

/* Begin PBXResourcesBuildPhase section */
		90C5F6652D46C22C00036618 /* Resources */ = {
			isa = PBXResourcesBuildPhase;
			buildActionMask = 2147483647;
			files = (
			);
			runOnlyForDeploymentPostprocessing = 0;
		};
		90C5F6772D46C22D00036618 /* Resources */ = {
			isa = PBXResourcesBuildPhase;
			buildActionMask = 2147483647;
			files = (
			);
			runOnlyForDeploymentPostprocessing = 0;
		};
		90C5F6812D46C22D00036618 /* Resources */ = {
			isa = PBXResourcesBuildPhase;
			buildActionMask = 2147483647;
			files = (
			);
			runOnlyForDeploymentPostprocessing = 0;
		};
/* End PBXResourcesBuildPhase section */

/* Begin PBXSourcesBuildPhase section */
		90C5F6632D46C22C00036618 /* Sources */ = {
			isa = PBXSourcesBuildPhase;
			buildActionMask = 2147483647;
			files = (
			);
			runOnlyForDeploymentPostprocessing = 0;
		};
		90C5F6752D46C22D00036618 /* Sources */ = {
			isa = PBXSourcesBuildPhase;
			buildActionMask = 2147483647;
			files = (
			);
			runOnlyForDeploymentPostprocessing = 0;
		};
		90C5F67F2D46C22D00036618 /* Sources */ = {
			isa = PBXSourcesBuildPhase;
			buildActionMask = 2147483647;
			files = (
			);
			runOnlyForDeploymentPostprocessing = 0;
		};
/* End PBXSourcesBuildPhase section */

/* Begin PBXTargetDependency section */
		90C5F67B2D46C22D00036618 /* PBXTargetDependency */ = {
			isa = PBXTargetDependency;
			target = 90C5F6662D46C22C00036618 /* IOSApp1 */;
			targetProxy = 90C5F67A2D46C22D00036618 /* PBXContainerItemProxy */;
		};
		90C5F6852D46C22D00036618 /* PBXTargetDependency */ = {
			isa = PBXTargetDependency;
			target = 90C5F6662D46C22C00036618 /* IOSApp1 */;
			targetProxy = 90C5F6842D46C22D00036618 /* PBXContainerItemProxy */;
		};
/* End PBXTargetDependency section */

/* Begin XCBuildConfiguration section */
		90C5F68B2D46C22D00036618 /* Debug */ = {
			isa = XCBuildConfiguration;
			buildSettings = {
				ALWAYS_SEARCH_USER_PATHS = NO;
				ASSETCATALOG_COMPILER_GENERATE_SWIFT_ASSET_SYMBOL_EXTENSIONS = YES;
				CLANG_ANALYZER_NONNULL = YES;
				CLANG_ANALYZER_NUMBER_OBJECT_CONVERSION = YES_AGGRESSIVE;
				CLANG_CXX_LANGUAGE_STANDARD = "gnu++20";
				CLANG_ENABLE_MODULES = YES;
				CLANG_ENABLE_OBJC_ARC = YES;
				CLANG_ENABLE_OBJC_WEAK = YES;
				CLANG_WARN_BLOCK_CAPTURE_AUTORELEASING = YES;
				CLANG_WARN_BOOL_CONVERSION = YES;
				CLANG_WARN_COMMA = YES;
				CLANG_WARN_CONSTANT_CONVERSION = YES;
				CLANG_WARN_DEPRECATED_OBJC_IMPLEMENTATIONS = YES;
				CLANG_WARN_DIRECT_OBJC_ISA_USAGE = YES_ERROR;
				CLANG_WARN_DOCUMENTATION_COMMENTS = YES;
				CLANG_WARN_EMPTY_BODY = YES;
				CLANG_WARN_ENUM_CONVERSION = YES;
				CLANG_WARN_INFINITE_RECURSION = YES;
				CLANG_WARN_INT_CONVERSION = YES;
				CLANG_WARN_NON_LITERAL_NULL_CONVERSION = YES;
				CLANG_WARN_OBJC_IMPLICIT_RETAIN_SELF = YES;
				CLANG_WARN_OBJC_LITERAL_CONVERSION = YES;
				CLANG_WARN_OBJC_ROOT_CLASS = YES_ERROR;
				CLANG_WARN_QUOTED_INCLUDE_IN_FRAMEWORK_HEADER = YES;
				CLANG_WARN_RANGE_LOOP_ANALYSIS = YES;
				CLANG_WARN_STRICT_PROTOTYPES = YES;
				CLANG_WARN_SUSPICIOUS_MOVE = YES;
				CLANG_WARN_UNGUARDED_AVAILABILITY = YES_AGGRESSIVE;
				CLANG_WARN_UNREACHABLE_CODE = YES;
				CLANG_WARN__DUPLICATE_METHOD_MATCH = YES;
				COPY_PHASE_STRIP = NO;
				DEBUG_INFORMATION_FORMAT = dwarf;
				ENABLE_STRICT_OBJC_MSGSEND = YES;
				ENABLE_TESTABILITY = YES;
				ENABLE_USER_SCRIPT_SANDBOXING = YES;
				GCC_C_LANGUAGE_STANDARD = gnu17;
				GCC_DYNAMIC_NO_PIC = NO;
				GCC_NO_COMMON_BLOCKS = YES;
				GCC_OPTIMIZATION_LEVEL = 0;
				GCC_PREPROCESSOR_DEFINITIONS = (
					"DEBUG=1",
					"$(inherited)",
				);
				GCC_WARN_64_TO_32_BIT_CONVERSION = YES;
				GCC_WARN_ABOUT_RETURN_TYPE = YES_ERROR;
				GCC_WARN_UNDECLARED_SELECTOR = YES;
				GCC_WARN_UNINITIALIZED_AUTOS = YES_AGGRESSIVE;
				GCC_WARN_UNUSED_FUNCTION = YES;
				GCC_WARN_UNUSED_VARIABLE = YES;
				IPHONEOS_DEPLOYMENT_TARGET = 18.2;
				LOCALIZATION_PREFERS_STRING_CATALOGS = YES;
				MTL_ENABLE_DEBUG_INFO = INCLUDE_SOURCE;
				MTL_FAST_MATH = YES;
				ONLY_ACTIVE_ARCH = YES;
				SDKROOT = iphoneos;
				SWIFT_ACTIVE_COMPILATION_CONDITIONS = "DEBUG $(inherited)";
				SWIFT_OPTIMIZATION_LEVEL = "-Onone";
			};
			name = Debug;
		};
		90C5F68C2D46C22D00036618 /* Release */ = {
			isa = XCBuildConfiguration;
			buildSettings = {
				ALWAYS_SEARCH_USER_PATHS = NO;
				ASSETCATALOG_COMPILER_GENERATE_SWIFT_ASSET_SYMBOL_EXTENSIONS = YES;
				CLANG_ANALYZER_NONNULL = YES;
				CLANG_ANALYZER_NUMBER_OBJECT_CONVERSION = YES_AGGRESSIVE;
				CLANG_CXX_LANGUAGE_STANDARD = "gnu++20";
				CLANG_ENABLE_MODULES = YES;
				CLANG_ENABLE_OBJC_ARC = YES;
				CLANG_ENABLE_OBJC_WEAK = YES;
				CLANG_WARN_BLOCK_CAPTURE_AUTORELEASING = YES;
				CLANG_WARN_BOOL_CONVERSION = YES;
				CLANG_WARN_COMMA = YES;
				CLANG_WARN_CONSTANT_CONVERSION = YES;
				CLANG_WARN_DEPRECATED_OBJC_IMPLEMENTATIONS = YES;
				CLANG_WARN_DIRECT_OBJC_ISA_USAGE = YES_ERROR;
				CLANG_WARN_DOCUMENTATION_COMMENTS = YES;
				CLANG_WARN_EMPTY_BODY = YES;
				CLANG_WARN_ENUM_CONVERSION = YES;
				CLANG_WARN_INFINITE_RECURSION = YES;
				CLANG_WARN_INT_CONVERSION = YES;
				CLANG_WARN_NON_LITERAL_NULL_CONVERSION = YES;
				CLANG_WARN_OBJC_IMPLICIT_RETAIN_SELF = YES;
				CLANG_WARN_OBJC_LITERAL_CONVERSION = YES;
				CLANG_WARN_OBJC_ROOT_CLASS = YES_ERROR;
				CLANG_WARN_QUOTED_INCLUDE_IN_FRAMEWORK_HEADER = YES;
				CLANG_WARN_RANGE_LOOP_ANALYSIS = YES;
				CLANG_WARN_STRICT_PROTOTYPES = YES;
				CLANG_WARN_SUSPICIOUS_MOVE = YES;
				CLANG_WARN_UNGUARDED_AVAILABILITY = YES_AGGRESSIVE;
				CLANG_WARN_UNREACHABLE_CODE = YES;
				CLANG_WARN__DUPLICATE_METHOD_MATCH = YES;
				COPY_PHASE_STRIP = NO;
				DEBUG_INFORMATION_FORMAT = "dwarf-with-dsym";
				ENABLE_NS_ASSERTIONS = NO;
				ENABLE_STRICT_OBJC_MSGSEND = YES;
				ENABLE_USER_SCRIPT_SANDBOXING = YES;
				GCC_C_LANGUAGE_STANDARD = gnu17;
				GCC_NO_COMMON_BLOCKS = YES;
				GCC_WARN_64_TO_32_BIT_CONVERSION = YES;
				GCC_WARN_ABOUT_RETURN_TYPE = YES_ERROR;
				GCC_WARN_UNDECLARED_SELECTOR = YES;
				GCC_WARN_UNINITIALIZED_AUTOS = YES_AGGRESSIVE;
				GCC_WARN_UNUSED_FUNCTION = YES;
				GCC_WARN_UNUSED_VARIABLE = YES;
				IPHONEOS_DEPLOYMENT_TARGET = 18.2;
				LOCALIZATION_PREFERS_STRING_CATALOGS = YES;
				MTL_ENABLE_DEBUG_INFO = NO;
				MTL_FAST_MATH = YES;
				SDKROOT = iphoneos;
				SWIFT_COMPILATION_MODE = wholemodule;
				VALIDATE_PRODUCT = YES;
			};
			name = Release;
		};
		90C5F68E2D46C22D00036618 /* Debug */ = {
			isa = XCBuildConfiguration;
			buildSettings = {
				ASSETCATALOG_COMPILER_APPICON_NAME = AppIcon;
				ASSETCATALOG_COMPILER_GLOBAL_ACCENT_COLOR_NAME = AccentColor;
				CODE_SIGN_STYLE = Automatic;
				CURRENT_PROJECT_VERSION = 1;
				DEVELOPMENT_ASSET_PATHS = "\"IOSApp1/Preview Content\"";
				ENABLE_PREVIEWS = YES;
				GENERATE_INFOPLIST_FILE = YES;
				INFOPLIST_KEY_UIApplicationSceneManifest_Generation = YES;
				INFOPLIST_KEY_UIApplicationSupportsIndirectInputEvents = YES;
				INFOPLIST_KEY_UILaunchScreen_Generation = YES;
				INFOPLIST_KEY_UISupportedInterfaceOrientations_iPad = "UIInterfaceOrientationPortrait UIInterfaceOrientationPortraitUpsideDown UIInterfaceOrientationLandscapeLeft UIInterfaceOrientationLandscapeRight";
				INFOPLIST_KEY_UISupportedInterfaceOrientations_iPhone = "UIInterfaceOrientationPortrait UIInterfaceOrientationLandscapeLeft UIInterfaceOrientationLandscapeRight";
				LD_RUNPATH_SEARCH_PATHS = (
					"$(inherited)",
					"@executable_path/Frameworks",
				);
				MARKETING_VERSION = 1.0;
				PRODUCT_BUNDLE_IDENTIFIER = com.fboudairapp.IOSApp1;
				PRODUCT_NAME = "$(TARGET_NAME)";
				SWIFT_EMIT_LOC_STRINGS = YES;
				SWIFT_VERSION = 5.0;
				TARGETED_DEVICE_FAMILY = "1,2";
			};
			name = Debug;
		};
		90C5F68F2D46C22D00036618 /* Release */ = {
			isa = XCBuildConfiguration;
			buildSettings = {
				ASSETCATALOG_COMPILER_APPICON_NAME = AppIcon;
				ASSETCATALOG_COMPILER_GLOBAL_ACCENT_COLOR_NAME = AccentColor;
				CODE_SIGN_STYLE = Automatic;
				CURRENT_PROJECT_VERSION = 1;
				DEVELOPMENT_ASSET_PATHS = "\"IOSApp1/Preview Content\"";
				ENABLE_PREVIEWS = YES;
				GENERATE_INFOPLIST_FILE = YES;
				INFOPLIST_KEY_UIApplicationSceneManifest_Generation = YES;
				INFOPLIST_KEY_UIApplicationSupportsIndirectInputEvents = YES;
				INFOPLIST_KEY_UILaunchScreen_Generation = YES;
				INFOPLIST_KEY_UISupportedInterfaceOrientations_iPad = "UIInterfaceOrientationPortrait UIInterfaceOrientationPortraitUpsideDown UIInterfaceOrientationLandscapeLeft UIInterfaceOrientationLandscapeRight";
				INFOPLIST_KEY_UISupportedInterfaceOrientations_iPhone = "UIInterfaceOrientationPortrait UIInterfaceOrientationLandscapeLeft UIInterfaceOrientationLandscapeRight";
				LD_RUNPATH_SEARCH_PATHS = (
					"$(inherited)",
					"@executable_path/Frameworks",
				);
				MARKETING_VERSION = 1.0;
				PRODUCT_BUNDLE_IDENTIFIER = com.fboudairapp.IOSApp1;
				PRODUCT_NAME = "$(TARGET_NAME)";
				SWIFT_EMIT_LOC_STRINGS = YES;
				SWIFT_VERSION = 5.0;
				TARGETED_DEVICE_FAMILY = "1,2";
			};
			name = Release;
		};
		90C5F6912D46C22D00036618 /* Debug */ = {
			isa = XCBuildConfiguration;
			buildSettings = {
				BUNDLE_LOADER = "$(TEST_HOST)";
				CODE_SIGN_STYLE = Automatic;
				CURRENT_PROJECT_VERSION = 1;
				GENERATE_INFOPLIST_FILE = YES;
				IPHONEOS_DEPLOYMENT_TARGET = 18.2;
				MARKETING_VERSION = 1.0;
				PRODUCT_BUNDLE_IDENTIFIER = com.fboudairapp.IOSApp1Tests;
				PRODUCT_NAME = "$(TARGET_NAME)";
				SWIFT_EMIT_LOC_STRINGS = NO;
				SWIFT_VERSION = 5.0;
				TARGETED_DEVICE_FAMILY = "1,2";
				TEST_HOST = "$(BUILT_PRODUCTS_DIR)/IOSApp1.app/$(BUNDLE_EXECUTABLE_FOLDER_PATH)/IOSApp1";
			};
			name = Debug;
		};
		90C5F6922D46C22D00036618 /* Release */ = {
			isa = XCBuildConfiguration;
			buildSettings = {
				BUNDLE_LOADER = "$(TEST_HOST)";
				CODE_SIGN_STYLE = Automatic;
				CURRENT_PROJECT_VERSION = 1;
				GENERATE_INFOPLIST_FILE = YES;
				IPHONEOS_DEPLOYMENT_TARGET = 18.2;
				MARKETING_VERSION = 1.0;
				PRODUCT_BUNDLE_IDENTIFIER = com.fboudairapp.IOSApp1Tests;
				PRODUCT_NAME = "$(TARGET_NAME)";
				SWIFT_EMIT_LOC_STRINGS = NO;
				SWIFT_VERSION = 5.0;
				TARGETED_DEVICE_FAMILY = "1,2";
				TEST_HOST = "$(BUILT_PRODUCTS_DIR)/IOSApp1.app/$(BUNDLE_EXECUTABLE_FOLDER_PATH)/IOSApp1";
			};
			name = Release;
		};
		90C5F6942D46C22D00036618 /* Debug */ = {
			isa = XCBuildConfiguration;
			buildSettings = {
				CODE_SIGN_STYLE = Automatic;
				CURRENT_PROJECT_VERSION = 1;
				GENERATE_INFOPLIST_FILE = YES;
				MARKETING_VERSION = 1.0;
				PRODUCT_BUNDLE_IDENTIFIER = com.fboudairapp.IOSApp1UITests;
				PRODUCT_NAME = "$(TARGET_NAME)";
				SWIFT_EMIT_LOC_STRINGS = NO;
				SWIFT_VERSION = 5.0;
				TARGETED_DEVICE_FAMILY = "1,2";
				TEST_TARGET_NAME = IOSApp1;
			};
			name = Debug;
		};
		90C5F6952D46C22D00036618 /* Release */ = {
			isa = XCBuildConfiguration;
			buildSettings = {
				CODE_SIGN_STYLE = Automatic;
				CURRENT_PROJECT_VERSION = 1;
				GENERATE_INFOPLIST_FILE = YES;
				MARKETING_VERSION = 1.0;
				PRODUCT_BUNDLE_IDENTIFIER = com.fboudairapp.IOSApp1UITests;
				PRODUCT_NAME = "$(TARGET_NAME)";
				SWIFT_EMIT_LOC_STRINGS = NO;
				SWIFT_VERSION = 5.0;
				TARGETED_DEVICE_FAMILY = "1,2";
				TEST_TARGET_NAME = IOSApp1;
			};
			name = Release;
		};
/* End XCBuildConfiguration section */

/* Begin XCConfigurationList section */
		90C5F6622D46C22C00036618 /* Build configuration list for PBXProject "IOSApp1" */ = {
			isa = XCConfigurationList;
			buildConfigurations = (
				90C5F68B2D46C22D00036618 /* Debug */,
				90C5F68C2D46C22D00036618 /* Release */,
			);
			defaultConfigurationIsVisible = 0;
			defaultConfigurationName = Release;
		};
		90C5F68D2D46C22D00036618 /* Build configuration list for PBXNativeTarget "IOSApp1" */ = {
			isa = XCConfigurationList;
			buildConfigurations = (
				90C5F68E2D46C22D00036618 /* Debug */,
				90C5F68F2D46C22D00036618 /* Release */,
			);
			defaultConfigurationIsVisible = 0;
			defaultConfigurationName = Release;
		};
		90C5F6902D46C22D00036618 /* Build configuration list for PBXNativeTarget "IOSApp1Tests" */ = {
			isa = XCConfigurationList;
			buildConfigurations = (
				90C5F6912D46C22D00036618 /* Debug */,
				90C5F6922D46C22D00036618 /* Release */,
			);
			defaultConfigurationIsVisible = 0;
			defaultConfigurationName = Release;
		};
		90C5F6932D46C22D00036618 /* Build configuration list for PBXNativeTarget "IOSApp1UITests" */ = {
			isa = XCConfigurationList;
			buildConfigurations = (
				90C5F6942D46C22D00036618 /* Debug */,
				90C5F6952D46C22D00036618 /* Release */,
			);
			defaultConfigurationIsVisible = 0;
			defaultConfigurationName = Release;
		};
/* End XCConfigurationList section */
	};
	rootObject = 90C5F65F2D46C22C00036618 /* Project object */;
}
